
Microsoft Visual Studio Solution File, Format Version 12.00
# Visual Studio Version 16
VisualStudioVersion = 16.0.31205.134
MinimumVisualStudioVersion = 10.0.40219.1
Project("{FAE04EC0-301F-11D3-BF4B-00C04F79EFBC}") = "RazorPagesMovie19", "RazorPagesMovie19\RazorPagesMovie19.csproj", "{2EFDFC7C-A8D1-4D20-8F5D-8D087A4130F4}"
EndProject
Global
	GlobalSection(SolutionConfigurationPlatforms) = preSolution
		Debug|Any CPU = Debug|Any CPU
		Release|Any CPU = Release|Any CPU
	EndGlobalSection
	GlobalSection(ProjectConfigurationPlatforms) = postSolution
		{2EFDFC7C-A8D1-4D20-8F5D-8D087A4130F4}.Debug|Any CPU.ActiveCfg = Debug|Any CPU
		{2EFDFC7C-A8D1-4D20-8F5D-8D087A4130F4}.Debug|Any CPU.Build.0 = Debug|Any CPU
		{2EFDFC7C-A8D1-4D20-8F5D-8D087A4130F4}.Release|Any CPU.ActiveCfg = Release|Any CPU
		{2EFDFC7C-A8D1-4D20-8F5D-8D087A4130F4}.Release|Any CPU.Build.0 = Release|Any CPU
	EndGlobalSection
	GlobalSection(SolutionProperties) = preSolution
		HideSolutionNode = FALSE
	EndGlobalSection
	GlobalSection(ExtensibilityGlobals) = postSolution
		SolutionGuid = {CFDF04C3-3452-4100-B9D1-B920D6F3ACB0}
	EndGlobalSection
EndGlobal
